
Microsoft Visual Studio Solution File, Format Version 12.00
# Visual Studio Version 16
VisualStudioVersion = 16.0.31702.278
MinimumVisualStudioVersion = 10.0.40219.1
Project("{FAE04EC0-301F-11D3-BF4B-00C04F79EFBC}") = "CSGO Server Launcher", "CSGO Server Launcher.csproj", "{22ADC2DC-FAB4-4188-AB98-FB87911041DE}"
EndProject
Global
	GlobalSection(SolutionConfigurationPlatforms) = preSolution
		Debug|Any CPU = Debug|Any CPU
		Release|Any CPU = Release|Any CPU
	EndGlobalSection
	GlobalSection(ProjectConfigurationPlatforms) = postSolution
		{22ADC2DC-FAB4-4188-AB98-FB87911041DE}.Debug|Any CPU.ActiveCfg = Debug|Any CPU
		{22ADC2DC-FAB4-4188-AB98-FB87911041DE}.Debug|Any CPU.Build.0 = Debug|Any CPU
		{22ADC2DC-FAB4-4188-AB98-FB87911041DE}.Release|Any CPU.ActiveCfg = Release|Any CPU
		{22ADC2DC-FAB4-4188-AB98-FB87911041DE}.Release|Any CPU.Build.0 = Release|Any CPU
	EndGlobalSection
	GlobalSection(SolutionProperties) = preSolution
		HideSolutionNode = FALSE
	EndGlobalSection
	GlobalSection(ExtensibilityGlobals) = postSolution
		SolutionGuid = {E84543F0-2CD6-4943-B601-47BAFF480C77}
	EndGlobalSection
EndGlobal
